{
  "name": "hanklog",
  "version": "1.0.0",
  "lockfileVersion": 1,
  "requires": true,
  "dependencies": {
    "@types/gh-pages": {
      "version": "2.0.0",
      "resolved": "https://registry.npmjs.org/@types/gh-pages/-/gh-pages-2.0.0.tgz",
      "integrity": "sha512-nv697/tjlju4YlRZRc38rBTeABgnI+ZIFX1Kh9Q1QYBpq8QDSwMRnDMJMye2piRjrqJStTEYKQhjEWZ+0TG3lw=="
    },
    "@types/linkify-it": {
      "version": "2.0.4",
      "resolved": "https://registry.npmjs.org/@types/linkify-it/-/linkify-it-2.0.4.tgz",
      "integrity": "sha512-9o5piu3tP6DwqT+Cyf7S3BitsTc6Cl0pCPKUhIE5hzQbtueiBXdtBipTLLvaGfT11/8XHRmsagu4YfBesTaiCA=="
    },
    "@types/markdown-it": {
      "version": "0.0.7",
      "resolved": "https://registry.npmjs.org/@types/markdown-it/-/markdown-it-0.0.7.tgz",
      "integrity": "sha512-WyL6pa76ollQFQNEaLVa41ZUUvDvPY+qAUmlsphnrpL6I9p1m868b26FyeoOmo7X3/Ta/S9WKXcEYXUSHnxoVQ==",
      "requires": {
        "@types/linkify-it": "2.0.4"
      }
    },
    "@types/markdown-it-container": {
      "version": "2.0.2",
      "resolved": "https://registry.npmjs.org/@types/markdown-it-container/-/markdown-it-container-2.0.2.tgz",
      "integrity": "sha512-T770GL+zJz8Ssh1NpLiOruYhrU96yb8ovPSegLrWY5XIkJc6PVVC7kH/oQaVD0rkePpWMFJK018OgS/pwviOMw==",
      "requires": {
        "@types/markdown-it": "0.0.7"
      }
    }
  }
}
